
Microsoft Visual Studio Solution File, Format Version 12.00
# Visual Studio Version 17
VisualStudioVersion = 17.11.35312.102
MinimumVisualStudioVersion = 10.0.40219.1
Project("{FAE04EC0-301F-11D3-BF4B-00C04F79EFBC}") = "BlogConsoleApp", "BlogConsoleApp\BlogConsoleApp.csproj", "{D958E0A5-1561-4597-843E-C7B818176606}"
EndProject
Project("{FAE04EC0-301F-11D3-BF4B-00C04F79EFBC}") = "Core", "Core\Core.csproj", "{21632367-008F-48BF-88D0-0189CC25C303}"
EndProject
Global
	GlobalSection(SolutionConfigurationPlatforms) = preSolution
		Debug|Any CPU = Debug|Any CPU
		Release|Any CPU = Release|Any CPU
	EndGlobalSection
	GlobalSection(ProjectConfigurationPlatforms) = postSolution
		{D958E0A5-1561-4597-843E-C7B818176606}.Debug|Any CPU.ActiveCfg = Debug|Any CPU
		{D958E0A5-1561-4597-843E-C7B818176606}.Debug|Any CPU.Build.0 = Debug|Any CPU
		{D958E0A5-1561-4597-843E-C7B818176606}.Release|Any CPU.ActiveCfg = Release|Any CPU
		{D958E0A5-1561-4597-843E-C7B818176606}.Release|Any CPU.Build.0 = Release|Any CPU
		{21632367-008F-48BF-88D0-0189CC25C303}.Debug|Any CPU.ActiveCfg = Debug|Any CPU
		{21632367-008F-48BF-88D0-0189CC25C303}.Debug|Any CPU.Build.0 = Debug|Any CPU
		{21632367-008F-48BF-88D0-0189CC25C303}.Release|Any CPU.ActiveCfg = Release|Any CPU
		{21632367-008F-48BF-88D0-0189CC25C303}.Release|Any CPU.Build.0 = Release|Any CPU
	EndGlobalSection
	GlobalSection(SolutionProperties) = preSolution
		HideSolutionNode = FALSE
	EndGlobalSection
	GlobalSection(ExtensibilityGlobals) = postSolution
		SolutionGuid = {CE5607F2-8FB6-4880-8CC0-66B9A6094E41}
	EndGlobalSection
EndGlobal
